{
  "name": "librarymanagementapp",
  "version": "0.0.0",
  "lockfileVersion": 1,
  "requires": true,
  "dependencies": {
    "@angular/core": {
      "version": "14.0.1",
      "resolved": "https://registry.npmjs.org/@angular/core/-/core-14.0.1.tgz",
      "integrity": "sha512-72/VathVpDVEIm/T87eGF9Ng9JYOfrRVJCGhPwKvbIQZzCrg07acPwjDvtifkhKEKyMxLXv+F3bClr8WYP6c4Q==",
      "requires": {
        "tslib": "^2.3.0"
      },
      "dependencies": {
        "tslib": {
          "version": "2.4.0",
          "resolved": "https://registry.npmjs.org/tslib/-/tslib-2.4.0.tgz",
          "integrity": "sha512-d6xOpEDfsi2CZVlPQzGeux8XMwLT9hssAsaPYExaQMuYskwb+x1x7J371tWlbBdWHroy99KnVB6qIkUbs5X3UQ=="
        }
      }
    },
    "@angular/router": {
      "version": "14.0.1",
      "resolved": "https://registry.npmjs.org/@angular/router/-/router-14.0.1.tgz",
      "integrity": "sha512-FtJIe7acU6MuxoBlrl33VHKKVxePgOGnyPkRrxEHxrq8Dw6Y9JkW45Nk1t54CjcEhkkmPgSuJ2h2Jfn2fa6Vcw==",
      "requires": {
        "tslib": "^2.3.0"
      },
      "dependencies": {
        "tslib": {
          "version": "2.4.0",
          "resolved": "https://registry.npmjs.org/tslib/-/tslib-2.4.0.tgz",
          "integrity": "sha512-d6xOpEDfsi2CZVlPQzGeux8XMwLT9hssAsaPYExaQMuYskwb+x1x7J371tWlbBdWHroy99KnVB6qIkUbs5X3UQ=="
        }
      }
    },
    "@ng-bootstrap/ng-bootstrap": {
      "version": "12.1.2",
      "resolved": "https://registry.npmjs.org/@ng-bootstrap/ng-bootstrap/-/ng-bootstrap-12.1.2.tgz",
      "integrity": "sha512-p27c+mYVdHiJMYrj5hwClVJxLdiZxafAqlbw1sdJh2xJ1rGOe+H/kCf5YDRbhlHqRN+34Gr0RQqIUeD1I2V8hg==",
      "requires": {
        "tslib": "^2.3.0"
      },
      "dependencies": {
        "tslib": {
          "version": "2.4.0",
          "resolved": "https://registry.npmjs.org/tslib/-/tslib-2.4.0.tgz",
          "integrity": "sha512-d6xOpEDfsi2CZVlPQzGeux8XMwLT9hssAsaPYExaQMuYskwb+x1x7J371tWlbBdWHroy99KnVB6qIkUbs5X3UQ=="
        }
      }
    }
  }
}
